
Microsoft Visual Studio Solution File, Format Version 12.00
# Visual Studio 15
VisualStudioVersion = 15.0.26430.13
MinimumVisualStudioVersion = 10.0.40219.1
Project("{FAE04EC0-301F-11D3-BF4B-00C04F79EFBC}") = "ApplicationLab.Models", "ApplicationLab.Models\ApplicationLab.Models.csproj", "{47FD00F3-30CA-4E62-B4B8-08FF7106CFDE}"
EndProject
Project("{FAE04EC0-301F-11D3-BF4B-00C04F79EFBC}") = "ApplicationLab.Web", "ApplicationLab.Web\ApplicationLab.Web.csproj", "{1E04D5E2-C779-43F4-8826-2597DD644516}"
EndProject
Global
	GlobalSection(SolutionConfigurationPlatforms) = preSolution
		Debug|Any CPU = Debug|Any CPU
		Release|Any CPU = Release|Any CPU
	EndGlobalSection
	GlobalSection(ProjectConfigurationPlatforms) = postSolution
		{47FD00F3-30CA-4E62-B4B8-08FF7106CFDE}.Debug|Any CPU.ActiveCfg = Debug|Any CPU
		{47FD00F3-30CA-4E62-B4B8-08FF7106CFDE}.Debug|Any CPU.Build.0 = Debug|Any CPU
		{47FD00F3-30CA-4E62-B4B8-08FF7106CFDE}.Release|Any CPU.ActiveCfg = Release|Any CPU
		{47FD00F3-30CA-4E62-B4B8-08FF7106CFDE}.Release|Any CPU.Build.0 = Release|Any CPU
		{1E04D5E2-C779-43F4-8826-2597DD644516}.Debug|Any CPU.ActiveCfg = Debug|Any CPU
		{1E04D5E2-C779-43F4-8826-2597DD644516}.Debug|Any CPU.Build.0 = Debug|Any CPU
		{1E04D5E2-C779-43F4-8826-2597DD644516}.Release|Any CPU.ActiveCfg = Release|Any CPU
		{1E04D5E2-C779-43F4-8826-2597DD644516}.Release|Any CPU.Build.0 = Release|Any CPU
	EndGlobalSection
	GlobalSection(SolutionProperties) = preSolution
		HideSolutionNode = FALSE
	EndGlobalSection
EndGlobal
